Microsoft Visual Studio Solution File, Format Version 12.00
# Visual Studio Version 17
VisualStudioVersion = 17.8.0.0
MinimumVisualStudioVersion = 17.8.0.0
Project("{9A19103F-16F7-4668-BE54-9A1E7A4F7556}") = "AspireDemo.AppHost", "AspireDemo.AppHost\AspireDemo.AppHost.csproj", "{1EFFD2D2-13E3-4848-AB61-BE33F61D1B66}"
EndProject
Project("{9A19103F-16F7-4668-BE54-9A1E7A4F7556}") = "AspireDemo.ServiceDefaults", "AspireDemo.ServiceDefaults\AspireDemo.ServiceDefaults.csproj", "{2BA26F38-CEBB-477B-BA57-D3F2A4DEE691}"
EndProject
Project("{9A19103F-16F7-4668-BE54-9A1E7A4F7556}") = "AspireDemo.ApiService", "AspireDemo.ApiService\AspireDemo.ApiService.csproj", "{6CD11075-2F6C-4B09-B164-50F94F5F8A66}"
EndProject
Project("{9A19103F-16F7-4668-BE54-9A1E7A4F7556}") = "AspireDemo.Web", "AspireDemo.Web\AspireDemo.Web.csproj", "{D5FF3691-DD8E-4AD5-8785-65EA851CA62B}"
EndProject
Global
	GlobalSection(SolutionConfigurationPlatforms) = preSolution
		Debug|Any CPU = Debug|Any CPU
		Release|Any CPU = Release|Any CPU
	EndGlobalSection
	GlobalSection(ProjectConfigurationPlatforms) = postSolution
		{1EFFD2D2-13E3-4848-AB61-BE33F61D1B66}.Debug|Any CPU.ActiveCfg = Debug|Any CPU
		{1EFFD2D2-13E3-4848-AB61-BE33F61D1B66}.Debug|Any CPU.Build.0 = Debug|Any CPU
		{1EFFD2D2-13E3-4848-AB61-BE33F61D1B66}.Release|Any CPU.ActiveCfg = Release|Any CPU
		{1EFFD2D2-13E3-4848-AB61-BE33F61D1B66}.Release|Any CPU.Build.0 = Release|Any CPU
		{2BA26F38-CEBB-477B-BA57-D3F2A4DEE691}.Debug|Any CPU.ActiveCfg = Debug|Any CPU
		{2BA26F38-CEBB-477B-BA57-D3F2A4DEE691}.Debug|Any CPU.Build.0 = Debug|Any CPU
		{2BA26F38-CEBB-477B-BA57-D3F2A4DEE691}.Release|Any CPU.ActiveCfg = Release|Any CPU
		{2BA26F38-CEBB-477B-BA57-D3F2A4DEE691}.Release|Any CPU.Build.0 = Release|Any CPU
		{6CD11075-2F6C-4B09-B164-50F94F5F8A66}.Debug|Any CPU.ActiveCfg = Debug|Any CPU
		{6CD11075-2F6C-4B09-B164-50F94F5F8A66}.Debug|Any CPU.Build.0 = Debug|Any CPU
		{6CD11075-2F6C-4B09-B164-50F94F5F8A66}.Release|Any CPU.ActiveCfg = Release|Any CPU
		{6CD11075-2F6C-4B09-B164-50F94F5F8A66}.Release|Any CPU.Build.0 = Release|Any CPU
		{D5FF3691-DD8E-4AD5-8785-65EA851CA62B}.Debug|Any CPU.ActiveCfg = Debug|Any CPU
		{D5FF3691-DD8E-4AD5-8785-65EA851CA62B}.Debug|Any CPU.Build.0 = Debug|Any CPU
		{D5FF3691-DD8E-4AD5-8785-65EA851CA62B}.Release|Any CPU.ActiveCfg = Release|Any CPU
		{D5FF3691-DD8E-4AD5-8785-65EA851CA62B}.Release|Any CPU.Build.0 = Release|Any CPU
	EndGlobalSection
	GlobalSection(SolutionProperties) = preSolution
		HideSolutionNode = FALSE
	EndGlobalSection
	GlobalSection(ExtensibilityGlobals) = postSolution
		SolutionGuid = {DDAC67F0-601C-40B1-BD09-EDA2DD5EDB2C}
	EndGlobalSection
EndGlobal
